// !$*UTF8*$!
{
	archiveVersion = 1;
	classes = {
	};
	objectVersion = 50;
	objects = {

/* Begin PBXBuildFile section */
		7518D70E215C9E6800A3EB1C /* AppDelegate.swift in Sources */ = {isa = PBXBuildFile; fileRef = 7518D70D215C9E6800A3EB1C /* AppDelegate.swift */; };
		7518D713215C9E6800A3EB1C /* Main.storyboard in Resources */ = {isa = PBXBuildFile; fileRef = 7518D711215C9E6800A3EB1C /* Main.storyboard */; };
		7518D715215C9E6800A3EB1C /* Assets.xcassets in Resources */ = {isa = PBXBuildFile; fileRef = 7518D714215C9E6800A3EB1C /* Assets.xcassets */; };
		7518D718215C9E6800A3EB1C /* LaunchScreen.storyboard in Resources */ = {isa = PBXBuildFile; fileRef = 7518D716215C9E6800A3EB1C /* LaunchScreen.storyboard */; };
		7518D720215C9F4000A3EB1C /* TableViewController.swift in Sources */ = {isa = PBXBuildFile; fileRef = 7518D71F215C9F4000A3EB1C /* TableViewController.swift */; };
		7518D722215C9F6800A3EB1C /* TableViewCell.swift in Sources */ = {isa = PBXBuildFile; fileRef = 7518D721215C9F6800A3EB1C /* TableViewCell.swift */; };
		7518D724215CA1F700A3EB1C /* Helper Files.swift in Sources */ = {isa = PBXBuildFile; fileRef = 7518D723215CA1F700A3EB1C /* Helper Files.swift */; };
		7518D726215CA3DC00A3EB1C /* Result.swift in Sources */ = {isa = PBXBuildFile; fileRef = 7518D725215CA3DC00A3EB1C /* Result.swift */; };
		7518D72A215CAD7200A3EB1C /* Repository.swift in Sources */ = {isa = PBXBuildFile; fileRef = 7518D729215CAD7200A3EB1C /* Repository.swift */; };
/* End PBXBuildFile section */

/* Begin PBXFileReference section */
		7518D70A215C9E6800A3EB1C /* MVC_Sample.app */ = {isa = PBXFileReference; explicitFileType = wrapper.application; includeInIndex = 0; path = MVC_Sample.app; sourceTree = BUILT_PRODUCTS_DIR; };
		7518D70D215C9E6800A3EB1C /* AppDelegate.swift */ = {isa = PBXFileReference; lastKnownFileType = sourcecode.swift; path = AppDelegate.swift; sourceTree = "<group>"; };
		7518D712215C9E6800A3EB1C /* Base */ = {isa = PBXFileReference; lastKnownFileType = file.storyboard; name = Base; path = Base.lproj/Main.storyboard; sourceTree = "<group>"; };
		7518D714215C9E6800A3EB1C /* Assets.xcassets */ = {isa = PBXFileReference; lastKnownFileType = folder.assetcatalog; path = Assets.xcassets; sourceTree = "<group>"; };
		7518D717215C9E6800A3EB1C /* Base */ = {isa = PBXFileReference; lastKnownFileType = file.storyboard; name = Base; path = Base.lproj/LaunchScreen.storyboard; sourceTree = "<group>"; };
		7518D719215C9E6800A3EB1C /* Info.plist */ = {isa = PBXFileReference; lastKnownFileType = text.plist.xml; path = Info.plist; sourceTree = "<group>"; };
		7518D71F215C9F4000A3EB1C /* TableViewController.swift */ = {isa = PBXFileReference; lastKnownFileType = sourcecode.swift; path = TableViewController.swift; sourceTree = "<group>"; };
		7518D721215C9F6800A3EB1C /* TableViewCell.swift */ = {isa = PBXFileReference; lastKnownFileType = sourcecode.swift; path = TableViewCell.swift; sourceTree = "<group>"; };
		7518D723215CA1F700A3EB1C /* Helper Files.swift */ = {isa = PBXFileReference; lastKnownFileType = sourcecode.swift; path = "Helper Files.swift"; sourceTree = "<group>"; };
		7518D725215CA3DC00A3EB1C /* Result.swift */ = {isa = PBXFileReference; lastKnownFileType = sourcecode.swift; path = Result.swift; sourceTree = "<group>"; };
		7518D729215CAD7200A3EB1C /* Repository.swift */ = {isa = PBXFileReference; lastKnownFileType = sourcecode.swift; path = Repository.swift; sourceTree = "<group>"; };
/* End PBXFileReference section */

/* Begin PBXFrameworksBuildPhase section */
		7518D707215C9E6800A3EB1C /* Frameworks */ = {
			isa = PBXFrameworksBuildPhase;
			buildActionMask = 2147483647;
			files = (
			);
			runOnlyForDeploymentPostprocessing = 0;
		};
/* End PBXFrameworksBuildPhase section */

/* Begin PBXGroup section */
		7518D701215C9E6800A3EB1C = {
			isa = PBXGroup;
			children = (
				7518D70C215C9E6800A3EB1C /* MVC_Sample */,
				7518D70B215C9E6800A3EB1C /* Products */,
			);
			sourceTree = "<group>";
		};
		7518D70B215C9E6800A3EB1C /* Products */ = {
			isa = PBXGroup;
			children = (
				7518D70A215C9E6800A3EB1C /* MVC_Sample.app */,
			);
			name = Products;
			sourceTree = "<group>";
		};
		7518D70C215C9E6800A3EB1C /* MVC_Sample */ = {
			isa = PBXGroup;
			children = (
				7518D70D215C9E6800A3EB1C /* AppDelegate.swift */,
				7518D71F215C9F4000A3EB1C /* TableViewController.swift */,
				7518D721215C9F6800A3EB1C /* TableViewCell.swift */,
				7518D725215CA3DC00A3EB1C /* Result.swift */,
				7518D729215CAD7200A3EB1C /* Repository.swift */,
				7518D711215C9E6800A3EB1C /* Main.storyboard */,
				7518D714215C9E6800A3EB1C /* Assets.xcassets */,
				7518D716215C9E6800A3EB1C /* LaunchScreen.storyboard */,
				7518D719215C9E6800A3EB1C /* Info.plist */,
				7518D723215CA1F700A3EB1C /* Helper Files.swift */,
			);
			path = MVC_Sample;
			sourceTree = "<group>";
		};
/* End PBXGroup section */

/* Begin PBXNativeTarget section */
		7518D709215C9E6800A3EB1C /* MVC_Sample */ = {
			isa = PBXNativeTarget;
			buildConfigurationList = 7518D71C215C9E6800A3EB1C /* Build configuration list for PBXNativeTarget "MVC_Sample" */;
			buildPhases = (
				7518D706215C9E6800A3EB1C /* Sources */,
				7518D707215C9E6800A3EB1C /* Frameworks */,
				7518D708215C9E6800A3EB1C /* Resources */,
			);
			buildRules = (
			);
			dependencies = (
			);
			name = MVC_Sample;
			productName = MVC_Sample;
			productReference = 7518D70A215C9E6800A3EB1C /* MVC_Sample.app */;
			productType = "com.apple.product-type.application";
		};
/* End PBXNativeTarget section */

/* Begin PBXProject section */
		7518D702215C9E6800A3EB1C /* Project object */ = {
			isa = PBXProject;
			attributes = {
				LastSwiftUpdateCheck = 1000;
				LastUpgradeCheck = 1000;
				ORGANIZATIONNAME = Azuma;
				TargetAttributes = {
					7518D709215C9E6800A3EB1C = {
						CreatedOnToolsVersion = 10.0;
					};
				};
			};
			buildConfigurationList = 7518D705215C9E6800A3EB1C /* Build configuration list for PBXProject "MVC_Sample" */;
			compatibilityVersion = "Xcode 9.3";
			developmentRegion = en;
			hasScannedForEncodings = 0;
			knownRegions = (
				en,
				Base,
			);
			mainGroup = 7518D701215C9E6800A3EB1C;
			productRefGroup = 7518D70B215C9E6800A3EB1C /* Products */;
			projectDirPath = "";
			projectRoot = "";
			targets = (
				7518D709215C9E6800A3EB1C /* MVC_Sample */,
			);
		};
/* End PBXProject section */

/* Begin PBXResourcesBuildPhase section */
		7518D708215C9E6800A3EB1C /* Resources */ = {
			isa = PBXResourcesBuildPhase;
			buildActionMask = 2147483647;
			files = (
				7518D718215C9E6800A3EB1C /* LaunchScreen.storyboard in Resources */,
				7518D715215C9E6800A3EB1C /* Assets.xcassets in Resources */,
				7518D713215C9E6800A3EB1C /* Main.storyboard in Resources */,
			);
			runOnlyForDeploymentPostprocessing = 0;
		};
/* End PBXResourcesBuildPhase section */

/* Begin PBXSourcesBuildPhase section */
		7518D706215C9E6800A3EB1C /* Sources */ = {
			isa = PBXSourcesBuildPhase;
			buildActionMask = 2147483647;
			files = (
				7518D724215CA1F700A3EB1C /* Helper Files.swift in Sources */,
				7518D722215C9F6800A3EB1C /* TableViewCell.swift in Sources */,
				7518D726215CA3DC00A3EB1C /* Result.swift in Sources */,
				7518D70E215C9E6800A3EB1C /* AppDelegate.swift in Sources */,
				7518D720215C9F4000A3EB1C /* TableViewController.swift in Sources */,
				7518D72A215CAD7200A3EB1C /* Repository.swift in Sources */,
			);
			runOnlyForDeploymentPostprocessing = 0;
		};
/* End PBXSourcesBuildPhase section */

/* Begin PBXVariantGroup section */
		7518D711215C9E6800A3EB1C /* Main.storyboard */ = {
			isa = PBXVariantGroup;
			children = (
				7518D712215C9E6800A3EB1C /* Base */,
			);
			name = Main.storyboard;
			sourceTree = "<group>";
		};
		7518D716215C9E6800A3EB1C /* LaunchScreen.storyboard */ = {
			isa = PBXVariantGroup;
			children = (
				7518D717215C9E6800A3EB1C /* Base */,
			);
			name = LaunchScreen.storyboard;
			sourceTree = "<group>";
		};
/* End PBXVariantGroup section */

/* Begin XCBuildConfiguration section */
		7518D71A215C9E6800A3EB1C /* Debug */ = {
			isa = XCBuildConfiguration;
			buildSettings = {
				ALWAYS_SEARCH_USER_PATHS = NO;
				CLANG_ANALYZER_NONNULL = YES;
				CLANG_ANALYZER_NUMBER_OBJECT_CONVERSION = YES_AGGRESSIVE;
				CLANG_CXX_LANGUAGE_STANDARD = "gnu++14";
				CLANG_CXX_LIBRARY = "libc++";
				CLANG_ENABLE_MODULES = YES;
				CLANG_ENABLE_OBJC_ARC = YES;
				CLANG_ENABLE_OBJC_WEAK = YES;
				CLANG_WARN_BLOCK_CAPTURE_AUTORELEASING = YES;
				CLANG_WARN_BOOL_CONVERSION = YES;
				CLANG_WARN_COMMA = YES;
				CLANG_WARN_CONSTANT_CONVERSION = YES;
				CLANG_WARN_DEPRECATED_OBJC_IMPLEMENTATIONS = YES;
				CLANG_WARN_DIRECT_OBJC_ISA_USAGE = YES_ERROR;
				CLANG_WARN_DOCUMENTATION_COMMENTS = YES;
				CLANG_WARN_EMPTY_BODY = YES;
				CLANG_WARN_ENUM_CONVERSION = YES;
				CLANG_WARN_INFINITE_RECURSION = YES;
				CLANG_WARN_INT_CONVERSION = YES;
				CLANG_WARN_NON_LITERAL_NULL_CONVERSION = YES;
				CLANG_WARN_OBJC_IMPLICIT_RETAIN_SELF = YES;
				CLANG_WARN_OBJC_LITERAL_CONVERSION = YES;
				CLANG_WARN_OBJC_ROOT_CLASS = YES_ERROR;
				CLANG_WARN_RANGE_LOOP_ANALYSIS = YES;
				CLANG_WARN_STRICT_PROTOTYPES = YES;
				CLANG_WARN_SUSPICIOUS_MOVE = YES;
				CLANG_WARN_UNGUARDED_AVAILABILITY = YES_AGGRESSIVE;
				CLANG_WARN_UNREACHABLE_CODE = YES;
				CLANG_WARN__DUPLICATE_METHOD_MATCH = YES;
				CODE_SIGN_IDENTITY = "iPhone Developer";
				COPY_PHASE_STRIP = NO;
				DEBUG_INFORMATION_FORMAT = dwarf;
				ENABLE_STRICT_OBJC_MSGSEND = YES;
				ENABLE_TESTABILITY = YES;
				GCC_C_LANGUAGE_STANDARD = gnu11;
				GCC_DYNAMIC_NO_PIC = NO;
				GCC_NO_COMMON_BLOCKS = YES;
				GCC_OPTIMIZATION_LEVEL = 0;
				GCC_PREPROCESSOR_DEFINITIONS = (
					"DEBUG=1",
					"$(inherited)",
				);
				GCC_WARN_64_TO_32_BIT_CONVERSION = YES;
				GCC_WARN_ABOUT_RETURN_TYPE = YES_ERROR;
				GCC_WARN_UNDECLARED_SELECTOR = YES;
				GCC_WARN_UNINITIALIZED_AUTOS = YES_AGGRESSIVE;
				GCC_WARN_UNUSED_FUNCTION = YES;
				GCC_WARN_UNUSED_VARIABLE = YES;
				IPHONEOS_DEPLOYMENT_TARGET = 12.0;
				MTL_ENABLE_DEBUG_INFO = INCLUDE_SOURCE;
				MTL_FAST_MATH = YES;
				ONLY_ACTIVE_ARCH = YES;
				SDKROOT = iphoneos;
				SWIFT_ACTIVE_COMPILATION_CONDITIONS = DEBUG;
				SWIFT_OPTIMIZATION_LEVEL = "-Onone";
			};
			name = Debug;
		};
		7518D71B215C9E6800A3EB1C /* Release */ = {
			isa = XCBuildConfiguration;
			buildSettings = {
				ALWAYS_SEARCH_USER_PATHS = NO;
				CLANG_ANALYZER_NONNULL = YES;
				CLANG_ANALYZER_NUMBER_OBJECT_CONVERSION = YES_AGGRESSIVE;
				CLANG_CXX_LANGUAGE_STANDARD = "gnu++14";
				CLANG_CXX_LIBRARY = "libc++";
				CLANG_ENABLE_MODULES = YES;
				CLANG_ENABLE_OBJC_ARC = YES;
				CLANG_ENABLE_OBJC_WEAK = YES;
				CLANG_WARN_BLOCK_CAPTURE_AUTORELEASING = YES;
				CLANG_WARN_BOOL_CONVERSION = YES;
				CLANG_WARN_COMMA = YES;
				CLANG_WARN_CONSTANT_CONVERSION = YES;
				CLANG_WARN_DEPRECATED_OBJC_IMPLEMENTATIONS = YES;
				CLANG_WARN_DIRECT_OBJC_ISA_USAGE = YES_ERROR;
				CLANG_WARN_DOCUMENTATION_COMMENTS = YES;
				CLANG_WARN_EMPTY_BODY = YES;
				CLANG_WARN_ENUM_CONVERSION = YES;
				CLANG_WARN_INFINITE_RECURSION = YES;
				CLANG_WARN_INT_CONVERSION = YES;
				CLANG_WARN_NON_LITERAL_NULL_CONVERSION = YES;
				CLANG_WARN_OBJC_IMPLICIT_RETAIN_SELF = YES;
				CLANG_WARN_OBJC_LITERAL_CONVERSION = YES;
				CLANG_WARN_OBJC_ROOT_CLASS = YES_ERROR;
				CLANG_WARN_RANGE_LOOP_ANALYSIS = YES;
				CLANG_WARN_STRICT_PROTOTYPES = YES;
				CLANG_WARN_SUSPICIOUS_MOVE = YES;
				CLANG_WARN_UNGUARDED_AVAILABILITY = YES_AGGRESSIVE;
				CLANG_WARN_UNREACHABLE_CODE = YES;
				CLANG_WARN__DUPLICATE_METHOD_MATCH = YES;
				CODE_SIGN_IDENTITY = "iPhone Developer";
				COPY_PHASE_STRIP = NO;
				DEBUG_INFORMATION_FORMAT = "dwarf-with-dsym";
				ENABLE_NS_ASSERTIONS = NO;
				ENABLE_STRICT_OBJC_MSGSEND = YES;
				GCC_C_LANGUAGE_STANDARD = gnu11;
				GCC_NO_COMMON_BLOCKS = YES;
				GCC_WARN_64_TO_32_BIT_CONVERSION = YES;
				GCC_WARN_ABOUT_RETURN_TYPE = YES_ERROR;
				GCC_WARN_UNDECLARED_SELECTOR = YES;
				GCC_WARN_UNINITIALIZED_AUTOS = YES_AGGRESSIVE;
				GCC_WARN_UNUSED_FUNCTION = YES;
				GCC_WARN_UNUSED_VARIABLE = YES;
				IPHONEOS_DEPLOYMENT_TARGET = 12.0;
				MTL_ENABLE_DEBUG_INFO = NO;
				MTL_FAST_MATH = YES;
				SDKROOT = iphoneos;
				SWIFT_COMPILATION_MODE = wholemodule;
				SWIFT_OPTIMIZATION_LEVEL = "-O";
				VALIDATE_PRODUCT = YES;
			};
			name = Release;
		};
		7518D71D215C9E6800A3EB1C /* Debug */ = {
			isa = XCBuildConfiguration;
			buildSettings = {
				ASSETCATALOG_COMPILER_APPICON_NAME = AppIcon;
				CODE_SIGN_STYLE = Automatic;
				DEVELOPMENT_TEAM = CWW3CV2X72;
				INFOPLIST_FILE = MVC_Sample/Info.plist;
				LD_RUNPATH_SEARCH_PATHS = (
					"$(inherited)",
					"@executable_path/Frameworks",
				);
				PRODUCT_BUNDLE_IDENTIFIER = "ind.azuma.MVC-Sample";
				PRODUCT_NAME = "$(TARGET_NAME)";
				SWIFT_VERSION = 4.2;
				TARGETED_DEVICE_FAMILY = "1,2";
			};
			name = Debug;
		};
		7518D71E215C9E6800A3EB1C /* Release */ = {
			isa = XCBuildConfiguration;
			buildSettings = {
				ASSETCATALOG_COMPILER_APPICON_NAME = AppIcon;
				CODE_SIGN_STYLE = Automatic;
				DEVELOPMENT_TEAM = CWW3CV2X72;
				INFOPLIST_FILE = MVC_Sample/Info.plist;
				LD_RUNPATH_SEARCH_PATHS = (
					"$(inherited)",
					"@executable_path/Frameworks",
				);
				PRODUCT_BUNDLE_IDENTIFIER = "ind.azuma.MVC-Sample";
				PRODUCT_NAME = "$(TARGET_NAME)";
				SWIFT_VERSION = 4.2;
				TARGETED_DEVICE_FAMILY = "1,2";
			};
			name = Release;
		};
/* End XCBuildConfiguration section */

/* Begin XCConfigurationList section */
		7518D705215C9E6800A3EB1C /* Build configuration list for PBXProject "MVC_Sample" */ = {
			isa = XCConfigurationList;
			buildConfigurations = (
				7518D71A215C9E6800A3EB1C /* Debug */,
				7518D71B215C9E6800A3EB1C /* Release */,
			);
			defaultConfigurationIsVisible = 0;
			defaultConfigurationName = Release;
		};
		7518D71C215C9E6800A3EB1C /* Build configuration list for PBXNativeTarget "MVC_Sample" */ = {
			isa = XCConfigurationList;
			buildConfigurations = (
				7518D71D215C9E6800A3EB1C /* Debug */,
				7518D71E215C9E6800A3EB1C /* Release */,
			);
			defaultConfigurationIsVisible = 0;
			defaultConfigurationName = Release;
		};
/* End XCConfigurationList section */
	};
	rootObject = 7518D702215C9E6800A3EB1C /* Project object */;
}
